
Microsoft Visual Studio Solution File, Format Version 12.00
# Visual Studio 15
VisualStudioVersion = 15.0.28307.779
MinimumVisualStudioVersion = 10.0.40219.1
Project("{9A19103F-16F7-4668-BE54-9A1E7A4F7556}") = "CAEFCoreApp1", "CAEFCoreApp1\CAEFCoreApp1.csproj", "{98D38854-6DEB-4E7D-BC3F-C3E5F6EF0C0B}"
EndProject
Global
	GlobalSection(SolutionConfigurationPlatforms) = preSolution
		Debug|Any CPU = Debug|Any CPU
		Release|Any CPU = Release|Any CPU
	EndGlobalSection
	GlobalSection(ProjectConfigurationPlatforms) = postSolution
		{98D38854-6DEB-4E7D-BC3F-C3E5F6EF0C0B}.Debug|Any CPU.ActiveCfg = Debug|Any CPU
		{98D38854-6DEB-4E7D-BC3F-C3E5F6EF0C0B}.Debug|Any CPU.Build.0 = Debug|Any CPU
		{98D38854-6DEB-4E7D-BC3F-C3E5F6EF0C0B}.Release|Any CPU.ActiveCfg = Release|Any CPU
		{98D38854-6DEB-4E7D-BC3F-C3E5F6EF0C0B}.Release|Any CPU.Build.0 = Release|Any CPU
	EndGlobalSection
	GlobalSection(SolutionProperties) = preSolution
		HideSolutionNode = FALSE
	EndGlobalSection
	GlobalSection(ExtensibilityGlobals) = postSolution
		SolutionGuid = {06D21042-6EBD-4294-8AD9-A5981549D6F8}
	EndGlobalSection
EndGlobal
